// !$*UTF8*$!
{
	archiveVersion = 1;
	classes = {
	};
	objectVersion = 56;
	objects = {

/* Begin PBXBuildFile section */
		4B3FAEF52D2E0A4600AE8A8E /* AppDelegate.m in Sources */ = {isa = PBXBuildFile; fileRef = 4B3FAEF42D2E0A4600AE8A8E /* AppDelegate.m */; };
		4B3FAEF82D2E0A4600AE8A8E /* SceneDelegate.m in Sources */ = {isa = PBXBuildFile; fileRef = 4B3FAEF72D2E0A4600AE8A8E /* SceneDelegate.m */; };
		4B3FAEFB2D2E0A4600AE8A8E /* ViewController.m in Sources */ = {isa = PBXBuildFile; fileRef = 4B3FAEFA2D2E0A4600AE8A8E /* ViewController.m */; };
		4B3FAEFE2D2E0A4600AE8A8E /* Base in Resources */ = {isa = PBXBuildFile; fileRef = 4B3FAEFD2D2E0A4600AE8A8E /* Base */; };
		4B3FAF002D2E0A4700AE8A8E /* Assets.xcassets in Resources */ = {isa = PBXBuildFile; fileRef = 4B3FAEFF2D2E0A4700AE8A8E /* Assets.xcassets */; };
		4B3FAF032D2E0A4700AE8A8E /* Base in Resources */ = {isa = PBXBuildFile; fileRef = 4B3FAF022D2E0A4700AE8A8E /* Base */; };
		4B3FAF062D2E0A4700AE8A8E /* main.m in Sources */ = {isa = PBXBuildFile; fileRef = 4B3FAF052D2E0A4700AE8A8E /* main.m */; };
/* End PBXBuildFile section */

/* Begin PBXFileReference section */
		4B3FAEF02D2E0A4600AE8A8E /* BezierPathSample.app */ = {isa = PBXFileReference; explicitFileType = wrapper.application; includeInIndex = 0; path = BezierPathSample.app; sourceTree = BUILT_PRODUCTS_DIR; };
		4B3FAEF32D2E0A4600AE8A8E /* AppDelegate.h */ = {isa = PBXFileReference; lastKnownFileType = sourcecode.c.h; path = AppDelegate.h; sourceTree = "<group>"; };
		4B3FAEF42D2E0A4600AE8A8E /* AppDelegate.m */ = {isa = PBXFileReference; lastKnownFileType = sourcecode.c.objc; path = AppDelegate.m; sourceTree = "<group>"; };
		4B3FAEF62D2E0A4600AE8A8E /* SceneDelegate.h */ = {isa = PBXFileReference; lastKnownFileType = sourcecode.c.h; path = SceneDelegate.h; sourceTree = "<group>"; };
		4B3FAEF72D2E0A4600AE8A8E /* SceneDelegate.m */ = {isa = PBXFileReference; lastKnownFileType = sourcecode.c.objc; path = SceneDelegate.m; sourceTree = "<group>"; };
		4B3FAEF92D2E0A4600AE8A8E /* ViewController.h */ = {isa = PBXFileReference; lastKnownFileType = sourcecode.c.h; path = ViewController.h; sourceTree = "<group>"; };
		4B3FAEFA2D2E0A4600AE8A8E /* ViewController.m */ = {isa = PBXFileReference; lastKnownFileType = sourcecode.c.objc; path = ViewController.m; sourceTree = "<group>"; };
		4B3FAEFD2D2E0A4600AE8A8E /* Base */ = {isa = PBXFileReference; lastKnownFileType = file.storyboard; name = Base; path = Base.lproj/Main.storyboard; sourceTree = "<group>"; };
		4B3FAEFF2D2E0A4700AE8A8E /* Assets.xcassets */ = {isa = PBXFileReference; lastKnownFileType = folder.assetcatalog; path = Assets.xcassets; sourceTree = "<group>"; };
		4B3FAF022D2E0A4700AE8A8E /* Base */ = {isa = PBXFileReference; lastKnownFileType = file.storyboard; name = Base; path = Base.lproj/LaunchScreen.storyboard; sourceTree = "<group>"; };
		4B3FAF042D2E0A4700AE8A8E /* Info.plist */ = {isa = PBXFileReference; lastKnownFileType = text.plist.xml; path = Info.plist; sourceTree = "<group>"; };
		4B3FAF052D2E0A4700AE8A8E /* main.m */ = {isa = PBXFileReference; lastKnownFileType = sourcecode.c.objc; path = main.m; sourceTree = "<group>"; };
/* End PBXFileReference section */

/* Begin PBXFrameworksBuildPhase section */
		4B3FAEED2D2E0A4600AE8A8E /* Frameworks */ = {
			isa = PBXFrameworksBuildPhase;
			buildActionMask = 2147483647;
			files = (
			);
			runOnlyForDeploymentPostprocessing = 0;
		};
/* End PBXFrameworksBuildPhase section */

/* Begin PBXGroup section */
		4B3FAEE72D2E0A4600AE8A8E = {
			isa = PBXGroup;
			children = (
				4B3FAEF22D2E0A4600AE8A8E /* BezierPathSample */,
				4B3FAEF12D2E0A4600AE8A8E /* Products */,
			);
			sourceTree = "<group>";
		};
		4B3FAEF12D2E0A4600AE8A8E /* Products */ = {
			isa = PBXGroup;
			children = (
				4B3FAEF02D2E0A4600AE8A8E /* BezierPathSample.app */,
			);
			name = Products;
			sourceTree = "<group>";
		};
		4B3FAEF22D2E0A4600AE8A8E /* BezierPathSample */ = {
			isa = PBXGroup;
			children = (
				4B3FAEF32D2E0A4600AE8A8E /* AppDelegate.h */,
				4B3FAEF42D2E0A4600AE8A8E /* AppDelegate.m */,
				4B3FAEF62D2E0A4600AE8A8E /* SceneDelegate.h */,
				4B3FAEF72D2E0A4600AE8A8E /* SceneDelegate.m */,
				4B3FAEF92D2E0A4600AE8A8E /* ViewController.h */,
				4B3FAEFA2D2E0A4600AE8A8E /* ViewController.m */,
				4B3FAEFC2D2E0A4600AE8A8E /* Main.storyboard */,
				4B3FAEFF2D2E0A4700AE8A8E /* Assets.xcassets */,
				4B3FAF012D2E0A4700AE8A8E /* LaunchScreen.storyboard */,
				4B3FAF042D2E0A4700AE8A8E /* Info.plist */,
				4B3FAF052D2E0A4700AE8A8E /* main.m */,
			);
			path = BezierPathSample;
			sourceTree = "<group>";
		};
/* End PBXGroup section */

/* Begin PBXNativeTarget section */
		4B3FAEEF2D2E0A4600AE8A8E /* BezierPathSample */ = {
			isa = PBXNativeTarget;
			buildConfigurationList = 4B3FAF092D2E0A4700AE8A8E /* Build configuration list for PBXNativeTarget "BezierPathSample" */;
			buildPhases = (
				4B3FAEEC2D2E0A4600AE8A8E /* Sources */,
				4B3FAEED2D2E0A4600AE8A8E /* Frameworks */,
				4B3FAEEE2D2E0A4600AE8A8E /* Resources */,
			);
			buildRules = (
			);
			dependencies = (
			);
			name = BezierPathSample;
			productName = BezierPathSample;
			productReference = 4B3FAEF02D2E0A4600AE8A8E /* BezierPathSample.app */;
			productType = "com.apple.product-type.application";
		};
/* End PBXNativeTarget section */

/* Begin PBXProject section */
		4B3FAEE82D2E0A4600AE8A8E /* Project object */ = {
			isa = PBXProject;
			attributes = {
				BuildIndependentTargetsInParallel = 1;
				LastUpgradeCheck = 1540;
				TargetAttributes = {
					4B3FAEEF2D2E0A4600AE8A8E = {
						CreatedOnToolsVersion = 15.4;
					};
				};
			};
			buildConfigurationList = 4B3FAEEB2D2E0A4600AE8A8E /* Build configuration list for PBXProject "BezierPathSample" */;
			compatibilityVersion = "Xcode 14.0";
			developmentRegion = en;
			hasScannedForEncodings = 0;
			knownRegions = (
				en,
				Base,
			);
			mainGroup = 4B3FAEE72D2E0A4600AE8A8E;
			productRefGroup = 4B3FAEF12D2E0A4600AE8A8E /* Products */;
			projectDirPath = "";
			projectRoot = "";
			targets = (
				4B3FAEEF2D2E0A4600AE8A8E /* BezierPathSample */,
			);
		};
/* End PBXProject section */

/* Begin PBXResourcesBuildPhase section */
		4B3FAEEE2D2E0A4600AE8A8E /* Resources */ = {
			isa = PBXResourcesBuildPhase;
			buildActionMask = 2147483647;
			files = (
				4B3FAF002D2E0A4700AE8A8E /* Assets.xcassets in Resources */,
				4B3FAF032D2E0A4700AE8A8E /* Base in Resources */,
				4B3FAEFE2D2E0A4600AE8A8E /* Base in Resources */,
			);
			runOnlyForDeploymentPostprocessing = 0;
		};
/* End PBXResourcesBuildPhase section */

/* Begin PBXSourcesBuildPhase section */
		4B3FAEEC2D2E0A4600AE8A8E /* Sources */ = {
			isa = PBXSourcesBuildPhase;
			buildActionMask = 2147483647;
			files = (
				4B3FAEFB2D2E0A4600AE8A8E /* ViewController.m in Sources */,
				4B3FAEF52D2E0A4600AE8A8E /* AppDelegate.m in Sources */,
				4B3FAF062D2E0A4700AE8A8E /* main.m in Sources */,
				4B3FAEF82D2E0A4600AE8A8E /* SceneDelegate.m in Sources */,
			);
			runOnlyForDeploymentPostprocessing = 0;
		};
/* End PBXSourcesBuildPhase section */

/* Begin PBXVariantGroup section */
		4B3FAEFC2D2E0A4600AE8A8E /* Main.storyboard */ = {
			isa = PBXVariantGroup;
			children = (
				4B3FAEFD2D2E0A4600AE8A8E /* Base */,
			);
			name = Main.storyboard;
			sourceTree = "<group>";
		};
		4B3FAF012D2E0A4700AE8A8E /* LaunchScreen.storyboard */ = {
			isa = PBXVariantGroup;
			children = (
				4B3FAF022D2E0A4700AE8A8E /* Base */,
			);
			name = LaunchScreen.storyboard;
			sourceTree = "<group>";
		};
/* End PBXVariantGroup section */

/* Begin XCBuildConfiguration section */
		4B3FAF072D2E0A4700AE8A8E /* Debug */ = {
			isa = XCBuildConfiguration;
			buildSettings = {
				ALWAYS_SEARCH_USER_PATHS = NO;
				ASSETCATALOG_COMPILER_GENERATE_SWIFT_ASSET_SYMBOL_EXTENSIONS = YES;
				CLANG_ANALYZER_NONNULL = YES;
				CLANG_ANALYZER_NUMBER_OBJECT_CONVERSION = YES_AGGRESSIVE;
				CLANG_CXX_LANGUAGE_STANDARD = "gnu++20";
				CLANG_ENABLE_MODULES = YES;
				CLANG_ENABLE_OBJC_ARC = YES;
				CLANG_ENABLE_OBJC_WEAK = YES;
				CLANG_WARN_BLOCK_CAPTURE_AUTORELEASING = YES;
				CLANG_WARN_BOOL_CONVERSION = YES;
				CLANG_WARN_COMMA = YES;
				CLANG_WARN_CONSTANT_CONVERSION = YES;
				CLANG_WARN_DEPRECATED_OBJC_IMPLEMENTATIONS = YES;
				CLANG_WARN_DIRECT_OBJC_ISA_USAGE = YES_ERROR;
				CLANG_WARN_DOCUMENTATION_COMMENTS = YES;
				CLANG_WARN_EMPTY_BODY = YES;
				CLANG_WARN_ENUM_CONVERSION = YES;
				CLANG_WARN_INFINITE_RECURSION = YES;
				CLANG_WARN_INT_CONVERSION = YES;
				CLANG_WARN_NON_LITERAL_NULL_CONVERSION = YES;
				CLANG_WARN_OBJC_IMPLICIT_RETAIN_SELF = YES;
				CLANG_WARN_OBJC_LITERAL_CONVERSION = YES;
				CLANG_WARN_OBJC_ROOT_CLASS = YES_ERROR;
				CLANG_WARN_QUOTED_INCLUDE_IN_FRAMEWORK_HEADER = YES;
				CLANG_WARN_RANGE_LOOP_ANALYSIS = YES;
				CLANG_WARN_STRICT_PROTOTYPES = YES;
				CLANG_WARN_SUSPICIOUS_MOVE = YES;
				CLANG_WARN_UNGUARDED_AVAILABILITY = YES_AGGRESSIVE;
				CLANG_WARN_UNREACHABLE_CODE = YES;
				CLANG_WARN__DUPLICATE_METHOD_MATCH = YES;
				COPY_PHASE_STRIP = NO;
				DEBUG_INFORMATION_FORMAT = dwarf;
				ENABLE_STRICT_OBJC_MSGSEND = YES;
				ENABLE_TESTABILITY = YES;
				ENABLE_USER_SCRIPT_SANDBOXING = YES;
				GCC_C_LANGUAGE_STANDARD = gnu17;
				GCC_DYNAMIC_NO_PIC = NO;
				GCC_NO_COMMON_BLOCKS = YES;
				GCC_OPTIMIZATION_LEVEL = 0;
				GCC_PREPROCESSOR_DEFINITIONS = (
					"DEBUG=1",
					"$(inherited)",
				);
				GCC_WARN_64_TO_32_BIT_CONVERSION = YES;
				GCC_WARN_ABOUT_RETURN_TYPE = YES_ERROR;
				GCC_WARN_UNDECLARED_SELECTOR = YES;
				GCC_WARN_UNINITIALIZED_AUTOS = YES_AGGRESSIVE;
				GCC_WARN_UNUSED_FUNCTION = YES;
				GCC_WARN_UNUSED_VARIABLE = YES;
				IPHONEOS_DEPLOYMENT_TARGET = 17.5;
				LOCALIZATION_PREFERS_STRING_CATALOGS = YES;
				MTL_ENABLE_DEBUG_INFO = INCLUDE_SOURCE;
				MTL_FAST_MATH = YES;
				ONLY_ACTIVE_ARCH = YES;
				SDKROOT = iphoneos;
			};
			name = Debug;
		};
		4B3FAF082D2E0A4700AE8A8E /* Release */ = {
			isa = XCBuildConfiguration;
			buildSettings = {
				ALWAYS_SEARCH_USER_PATHS = NO;
				ASSETCATALOG_COMPILER_GENERATE_SWIFT_ASSET_SYMBOL_EXTENSIONS = YES;
				CLANG_ANALYZER_NONNULL = YES;
				CLANG_ANALYZER_NUMBER_OBJECT_CONVERSION = YES_AGGRESSIVE;
				CLANG_CXX_LANGUAGE_STANDARD = "gnu++20";
				CLANG_ENABLE_MODULES = YES;
				CLANG_ENABLE_OBJC_ARC = YES;
				CLANG_ENABLE_OBJC_WEAK = YES;
				CLANG_WARN_BLOCK_CAPTURE_AUTORELEASING = YES;
				CLANG_WARN_BOOL_CONVERSION = YES;
				CLANG_WARN_COMMA = YES;
				CLANG_WARN_CONSTANT_CONVERSION = YES;
				CLANG_WARN_DEPRECATED_OBJC_IMPLEMENTATIONS = YES;
				CLANG_WARN_DIRECT_OBJC_ISA_USAGE = YES_ERROR;
				CLANG_WARN_DOCUMENTATION_COMMENTS = YES;
				CLANG_WARN_EMPTY_BODY = YES;
				CLANG_WARN_ENUM_CONVERSION = YES;
				CLANG_WARN_INFINITE_RECURSION = YES;
				CLANG_WARN_INT_CONVERSION = YES;
				CLANG_WARN_NON_LITERAL_NULL_CONVERSION = YES;
				CLANG_WARN_OBJC_IMPLICIT_RETAIN_SELF = YES;
				CLANG_WARN_OBJC_LITERAL_CONVERSION = YES;
				CLANG_WARN_OBJC_ROOT_CLASS = YES_ERROR;
				CLANG_WARN_QUOTED_INCLUDE_IN_FRAMEWORK_HEADER = YES;
				CLANG_WARN_RANGE_LOOP_ANALYSIS = YES;
				CLANG_WARN_STRICT_PROTOTYPES = YES;
				CLANG_WARN_SUSPICIOUS_MOVE = YES;
				CLANG_WARN_UNGUARDED_AVAILABILITY = YES_AGGRESSIVE;
				CLANG_WARN_UNREACHABLE_CODE = YES;
				CLANG_WARN__DUPLICATE_METHOD_MATCH = YES;
				COPY_PHASE_STRIP = NO;
				DEBUG_INFORMATION_FORMAT = "dwarf-with-dsym";
				ENABLE_NS_ASSERTIONS = NO;
				ENABLE_STRICT_OBJC_MSGSEND = YES;
				ENABLE_USER_SCRIPT_SANDBOXING = YES;
				GCC_C_LANGUAGE_STANDARD = gnu17;
				GCC_NO_COMMON_BLOCKS = YES;
				GCC_WARN_64_TO_32_BIT_CONVERSION = YES;
				GCC_WARN_ABOUT_RETURN_TYPE = YES_ERROR;
				GCC_WARN_UNDECLARED_SELECTOR = YES;
				GCC_WARN_UNINITIALIZED_AUTOS = YES_AGGRESSIVE;
				GCC_WARN_UNUSED_FUNCTION = YES;
				GCC_WARN_UNUSED_VARIABLE = YES;
				IPHONEOS_DEPLOYMENT_TARGET = 17.5;
				LOCALIZATION_PREFERS_STRING_CATALOGS = YES;
				MTL_ENABLE_DEBUG_INFO = NO;
				MTL_FAST_MATH = YES;
				SDKROOT = iphoneos;
				VALIDATE_PRODUCT = YES;
			};
			name = Release;
		};
		4B3FAF0A2D2E0A4700AE8A8E /* Debug */ = {
			isa = XCBuildConfiguration;
			buildSettings = {
				ASSETCATALOG_COMPILER_APPICON_NAME = AppIcon;
				ASSETCATALOG_COMPILER_GLOBAL_ACCENT_COLOR_NAME = AccentColor;
				"CODE_SIGN_IDENTITY[sdk=iphoneos*]" = "iPhone Developer";
				CODE_SIGN_STYLE = Manual;
				CURRENT_PROJECT_VERSION = 1;
				DEVELOPMENT_TEAM = "";
				"DEVELOPMENT_TEAM[sdk=iphoneos*]" = 492U995837;
				GENERATE_INFOPLIST_FILE = YES;
				INFOPLIST_FILE = BezierPathSample/Info.plist;
				INFOPLIST_KEY_UIApplicationSupportsIndirectInputEvents = YES;
				INFOPLIST_KEY_UILaunchStoryboardName = LaunchScreen;
				INFOPLIST_KEY_UIMainStoryboardFile = Main;
				INFOPLIST_KEY_UISupportedInterfaceOrientations_iPad = "UIInterfaceOrientationPortrait UIInterfaceOrientationPortraitUpsideDown UIInterfaceOrientationLandscapeLeft UIInterfaceOrientationLandscapeRight";
				INFOPLIST_KEY_UISupportedInterfaceOrientations_iPhone = "UIInterfaceOrientationPortrait UIInterfaceOrientationLandscapeLeft UIInterfaceOrientationLandscapeRight";
				LD_RUNPATH_SEARCH_PATHS = (
					"$(inherited)",
					"@executable_path/Frameworks",
				);
				MARKETING_VERSION = 1.0;
				PRODUCT_BUNDLE_IDENTIFIER = com.taihe.BezierPathSample;
				PRODUCT_NAME = "$(TARGET_NAME)";
				PROVISIONING_PROFILE_SPECIFIER = "";
				"PROVISIONING_PROFILE_SPECIFIER[sdk=iphoneos*]" = "match Development com.taihe.*";
				SWIFT_EMIT_LOC_STRINGS = YES;
				TARGETED_DEVICE_FAMILY = "1,2";
			};
			name = Debug;
		};
		4B3FAF0B2D2E0A4700AE8A8E /* Release */ = {
			isa = XCBuildConfiguration;
			buildSettings = {
				ASSETCATALOG_COMPILER_APPICON_NAME = AppIcon;
				ASSETCATALOG_COMPILER_GLOBAL_ACCENT_COLOR_NAME = AccentColor;
				"CODE_SIGN_IDENTITY[sdk=iphoneos*]" = "iPhone Developer";
				CODE_SIGN_STYLE = Manual;
				CURRENT_PROJECT_VERSION = 1;
				DEVELOPMENT_TEAM = "";
				"DEVELOPMENT_TEAM[sdk=iphoneos*]" = 492U995837;
				GENERATE_INFOPLIST_FILE = YES;
				INFOPLIST_FILE = BezierPathSample/Info.plist;
				INFOPLIST_KEY_UIApplicationSupportsIndirectInputEvents = YES;
				INFOPLIST_KEY_UILaunchStoryboardName = LaunchScreen;
				INFOPLIST_KEY_UIMainStoryboardFile = Main;
				INFOPLIST_KEY_UISupportedInterfaceOrientations_iPad = "UIInterfaceOrientationPortrait UIInterfaceOrientationPortraitUpsideDown UIInterfaceOrientationLandscapeLeft UIInterfaceOrientationLandscapeRight";
				INFOPLIST_KEY_UISupportedInterfaceOrientations_iPhone = "UIInterfaceOrientationPortrait UIInterfaceOrientationLandscapeLeft UIInterfaceOrientationLandscapeRight";
				LD_RUNPATH_SEARCH_PATHS = (
					"$(inherited)",
					"@executable_path/Frameworks",
				);
				MARKETING_VERSION = 1.0;
				PRODUCT_BUNDLE_IDENTIFIER = com.taihe.BezierPathSample;
				PRODUCT_NAME = "$(TARGET_NAME)";
				PROVISIONING_PROFILE_SPECIFIER = "";
				"PROVISIONING_PROFILE_SPECIFIER[sdk=iphoneos*]" = "match Development com.taihe.*";
				SWIFT_EMIT_LOC_STRINGS = YES;
				TARGETED_DEVICE_FAMILY = "1,2";
			};
			name = Release;
		};
/* End XCBuildConfiguration section */

/* Begin XCConfigurationList section */
		4B3FAEEB2D2E0A4600AE8A8E /* Build configuration list for PBXProject "BezierPathSample" */ = {
			isa = XCConfigurationList;
			buildConfigurations = (
				4B3FAF072D2E0A4700AE8A8E /* Debug */,
				4B3FAF082D2E0A4700AE8A8E /* Release */,
			);
			defaultConfigurationIsVisible = 0;
			defaultConfigurationName = Release;
		};
		4B3FAF092D2E0A4700AE8A8E /* Build configuration list for PBXNativeTarget "BezierPathSample" */ = {
			isa = XCConfigurationList;
			buildConfigurations = (
				4B3FAF0A2D2E0A4700AE8A8E /* Debug */,
				4B3FAF0B2D2E0A4700AE8A8E /* Release */,
			);
			defaultConfigurationIsVisible = 0;
			defaultConfigurationName = Release;
		};
/* End XCConfigurationList section */
	};
	rootObject = 4B3FAEE82D2E0A4600AE8A8E /* Project object */;
}
