// !$*UTF8*$!
{
	archiveVersion = 1;
	classes = {
	};
	objectVersion = 56;
	objects = {

/* Begin PBXBuildFile section */
		3C85871328E1738E00C12FBA /* AppDelegate.m in Sources */ = {isa = PBXBuildFile; fileRef = 3C85871228E1738E00C12FBA /* AppDelegate.m */; };
		3C85871628E1738E00C12FBA /* SceneDelegate.m in Sources */ = {isa = PBXBuildFile; fileRef = 3C85871528E1738E00C12FBA /* SceneDelegate.m */; };
		3C85871928E1738E00C12FBA /* ViewController.mm in Sources */ = {isa = PBXBuildFile; fileRef = 3C85871828E1738E00C12FBA /* ViewController.mm */; };
		3C85871C28E1738E00C12FBA /* Main.storyboard in Resources */ = {isa = PBXBuildFile; fileRef = 3C85871A28E1738E00C12FBA /* Main.storyboard */; };
		3C85871E28E1738F00C12FBA /* Assets.xcassets in Resources */ = {isa = PBXBuildFile; fileRef = 3C85871D28E1738F00C12FBA /* Assets.xcassets */; };
		3C85872128E1738F00C12FBA /* LaunchScreen.storyboard in Resources */ = {isa = PBXBuildFile; fileRef = 3C85871F28E1738F00C12FBA /* LaunchScreen.storyboard */; };
		3C85872428E1738F00C12FBA /* main.m in Sources */ = {isa = PBXBuildFile; fileRef = 3C85872328E1738F00C12FBA /* main.m */; };
		3C85872C28E174BF00C12FBA /* FilamentModelView.mm in Sources */ = {isa = PBXBuildFile; fileRef = 3C85872B28E174BF00C12FBA /* FilamentModelView.mm */; };
		3C85875628E17E0500C12FBA /* scene.gltf in CopyFiles */ = {isa = PBXBuildFile; fileRef = 3C85874628E17CF200C12FBA /* scene.gltf */; };
		3C85875728E17E0500C12FBA /* scene.bin in CopyFiles */ = {isa = PBXBuildFile; fileRef = 3C85874728E17CF200C12FBA /* scene.bin */; };
		3C85876328E17E8600C12FBA /* Boden_baseColor.jpg in CopyFiles */ = {isa = PBXBuildFile; fileRef = 3C85873B28E17CF100C12FBA /* Boden_baseColor.jpg */; };
		3C85876428E17E8600C12FBA /* material_baseColor.jpg in CopyFiles */ = {isa = PBXBuildFile; fileRef = 3C85873C28E17CF100C12FBA /* material_baseColor.jpg */; };
		3C85876528E17E8600C12FBA /* Boden_metallicRoughness.jpg in CopyFiles */ = {isa = PBXBuildFile; fileRef = 3C85873D28E17CF100C12FBA /* Boden_metallicRoughness.jpg */; };
		3C85876628E17E8600C12FBA /* body_baseColor.jpg in CopyFiles */ = {isa = PBXBuildFile; fileRef = 3C85873E28E17CF100C12FBA /* body_baseColor.jpg */; };
		3C85876728E17E8600C12FBA /* body_normal.jpg in CopyFiles */ = {isa = PBXBuildFile; fileRef = 3C85873F28E17CF100C12FBA /* body_normal.jpg */; };
		3C85876828E17E8600C12FBA /* Boden_normal.jpg in CopyFiles */ = {isa = PBXBuildFile; fileRef = 3C85874028E17CF100C12FBA /* Boden_normal.jpg */; };
		3C85876928E17E8600C12FBA /* body_metallicRoughness.jpg in CopyFiles */ = {isa = PBXBuildFile; fileRef = 3C85874128E17CF200C12FBA /* body_metallicRoughness.jpg */; };
		3C85876A28E17E8600C12FBA /* material_metallicRoughness.jpg in CopyFiles */ = {isa = PBXBuildFile; fileRef = 3C85874228E17CF200C12FBA /* material_metallicRoughness.jpg */; };
		3C85876B28E17E8600C12FBA /* material_normal.jpg in CopyFiles */ = {isa = PBXBuildFile; fileRef = 3C85874328E17CF200C12FBA /* material_normal.jpg */; };
		3C85876C28E17E8600C12FBA /* body_emissive.jpg in CopyFiles */ = {isa = PBXBuildFile; fileRef = 3C85874428E17CF200C12FBA /* body_emissive.jpg */; };
		3C85884128E180F800C12FBA /* default_env_skybox_tiny.ktx in Resources */ = {isa = PBXBuildFile; fileRef = 3C85883F28E180F800C12FBA /* default_env_skybox_tiny.ktx */; };
		3C85884228E180F800C12FBA /* default_env_skybox.ktx in Resources */ = {isa = PBXBuildFile; fileRef = 3C85884028E180F800C12FBA /* default_env_skybox.ktx */; };
		3C85884428E1810A00C12FBA /* default_env_ibl.ktx in Resources */ = {isa = PBXBuildFile; fileRef = 3C85884328E1810A00C12FBA /* default_env_ibl.ktx */; };
		3C85884928E1853D00C12FBA /* cup.bin in CopyFiles */ = {isa = PBXBuildFile; fileRef = 3C85884528E1851D00C12FBA /* cup.bin */; };
		3C85884A28E1853D00C12FBA /* cup.gltf in CopyFiles */ = {isa = PBXBuildFile; fileRef = 3C85884628E1851D00C12FBA /* cup.gltf */; };
		B6194039E78C446D60AB504D /* Pods_FilamentSample.framework in Frameworks */ = {isa = PBXBuildFile; fileRef = C955BA37D25AC5FE8E78042A /* Pods_FilamentSample.framework */; };
/* End PBXBuildFile section */

/* Begin PBXCopyFilesBuildPhase section */
		3C85875528E17DF200C12FBA /* CopyFiles */ = {
			isa = PBXCopyFilesBuildPhase;
			buildActionMask = 2147483647;
			dstPath = BusterDrone;
			dstSubfolderSpec = 7;
			files = (
				3C85884928E1853D00C12FBA /* cup.bin in CopyFiles */,
				3C85884A28E1853D00C12FBA /* cup.gltf in CopyFiles */,
				3C85875628E17E0500C12FBA /* scene.gltf in CopyFiles */,
				3C85875728E17E0500C12FBA /* scene.bin in CopyFiles */,
			);
			runOnlyForDeploymentPostprocessing = 0;
		};
		3C85876228E17E7700C12FBA /* CopyFiles */ = {
			isa = PBXCopyFilesBuildPhase;
			buildActionMask = 2147483647;
			dstPath = BusterDrone/textures;
			dstSubfolderSpec = 7;
			files = (
				3C85876328E17E8600C12FBA /* Boden_baseColor.jpg in CopyFiles */,
				3C85876428E17E8600C12FBA /* material_baseColor.jpg in CopyFiles */,
				3C85876528E17E8600C12FBA /* Boden_metallicRoughness.jpg in CopyFiles */,
				3C85876628E17E8600C12FBA /* body_baseColor.jpg in CopyFiles */,
				3C85876728E17E8600C12FBA /* body_normal.jpg in CopyFiles */,
				3C85876828E17E8600C12FBA /* Boden_normal.jpg in CopyFiles */,
				3C85876928E17E8600C12FBA /* body_metallicRoughness.jpg in CopyFiles */,
				3C85876A28E17E8600C12FBA /* material_metallicRoughness.jpg in CopyFiles */,
				3C85876B28E17E8600C12FBA /* material_normal.jpg in CopyFiles */,
				3C85876C28E17E8600C12FBA /* body_emissive.jpg in CopyFiles */,
			);
			runOnlyForDeploymentPostprocessing = 0;
		};
/* End PBXCopyFilesBuildPhase section */

/* Begin PBXFileReference section */
		3C85870E28E1738E00C12FBA /* FilamentSample.app */ = {isa = PBXFileReference; explicitFileType = wrapper.application; includeInIndex = 0; path = FilamentSample.app; sourceTree = BUILT_PRODUCTS_DIR; };
		3C85871128E1738E00C12FBA /* AppDelegate.h */ = {isa = PBXFileReference; lastKnownFileType = sourcecode.c.h; path = AppDelegate.h; sourceTree = "<group>"; };
		3C85871228E1738E00C12FBA /* AppDelegate.m */ = {isa = PBXFileReference; lastKnownFileType = sourcecode.c.objc; path = AppDelegate.m; sourceTree = "<group>"; };
		3C85871428E1738E00C12FBA /* SceneDelegate.h */ = {isa = PBXFileReference; lastKnownFileType = sourcecode.c.h; path = SceneDelegate.h; sourceTree = "<group>"; };
		3C85871528E1738E00C12FBA /* SceneDelegate.m */ = {isa = PBXFileReference; lastKnownFileType = sourcecode.c.objc; path = SceneDelegate.m; sourceTree = "<group>"; };
		3C85871728E1738E00C12FBA /* ViewController.h */ = {isa = PBXFileReference; lastKnownFileType = sourcecode.c.h; path = ViewController.h; sourceTree = "<group>"; };
		3C85871828E1738E00C12FBA /* ViewController.mm */ = {isa = PBXFileReference; lastKnownFileType = sourcecode.cpp.objcpp; path = ViewController.mm; sourceTree = "<group>"; };
		3C85871B28E1738E00C12FBA /* Base */ = {isa = PBXFileReference; lastKnownFileType = file.storyboard; name = Base; path = Base.lproj/Main.storyboard; sourceTree = "<group>"; };
		3C85871D28E1738F00C12FBA /* Assets.xcassets */ = {isa = PBXFileReference; lastKnownFileType = folder.assetcatalog; path = Assets.xcassets; sourceTree = "<group>"; };
		3C85872028E1738F00C12FBA /* Base */ = {isa = PBXFileReference; lastKnownFileType = file.storyboard; name = Base; path = Base.lproj/LaunchScreen.storyboard; sourceTree = "<group>"; };
		3C85872228E1738F00C12FBA /* Info.plist */ = {isa = PBXFileReference; lastKnownFileType = text.plist.xml; path = Info.plist; sourceTree = "<group>"; };
		3C85872328E1738F00C12FBA /* main.m */ = {isa = PBXFileReference; lastKnownFileType = sourcecode.c.objc; path = main.m; sourceTree = "<group>"; };
		3C85872A28E174BF00C12FBA /* FilamentModelView.h */ = {isa = PBXFileReference; explicitFileType = sourcecode.cpp.h; path = FilamentModelView.h; sourceTree = "<group>"; };
		3C85872B28E174BF00C12FBA /* FilamentModelView.mm */ = {isa = PBXFileReference; lastKnownFileType = sourcecode.cpp.objcpp; path = FilamentModelView.mm; sourceTree = "<group>"; };
		3C85872D28E1753700C12FBA /* Config.xcconfig */ = {isa = PBXFileReference; lastKnownFileType = text.xcconfig; path = Config.xcconfig; sourceTree = "<group>"; };
		3C85873B28E17CF100C12FBA /* Boden_baseColor.jpg */ = {isa = PBXFileReference; lastKnownFileType = image.jpeg; path = Boden_baseColor.jpg; sourceTree = "<group>"; };
		3C85873C28E17CF100C12FBA /* material_baseColor.jpg */ = {isa = PBXFileReference; lastKnownFileType = image.jpeg; path = material_baseColor.jpg; sourceTree = "<group>"; };
		3C85873D28E17CF100C12FBA /* Boden_metallicRoughness.jpg */ = {isa = PBXFileReference; lastKnownFileType = image.jpeg; path = Boden_metallicRoughness.jpg; sourceTree = "<group>"; };
		3C85873E28E17CF100C12FBA /* body_baseColor.jpg */ = {isa = PBXFileReference; lastKnownFileType = image.jpeg; path = body_baseColor.jpg; sourceTree = "<group>"; };
		3C85873F28E17CF100C12FBA /* body_normal.jpg */ = {isa = PBXFileReference; lastKnownFileType = image.jpeg; path = body_normal.jpg; sourceTree = "<group>"; };
		3C85874028E17CF100C12FBA /* Boden_normal.jpg */ = {isa = PBXFileReference; lastKnownFileType = image.jpeg; path = Boden_normal.jpg; sourceTree = "<group>"; };
		3C85874128E17CF200C12FBA /* body_metallicRoughness.jpg */ = {isa = PBXFileReference; lastKnownFileType = image.jpeg; path = body_metallicRoughness.jpg; sourceTree = "<group>"; };
		3C85874228E17CF200C12FBA /* material_metallicRoughness.jpg */ = {isa = PBXFileReference; lastKnownFileType = image.jpeg; path = material_metallicRoughness.jpg; sourceTree = "<group>"; };
		3C85874328E17CF200C12FBA /* material_normal.jpg */ = {isa = PBXFileReference; lastKnownFileType = image.jpeg; path = material_normal.jpg; sourceTree = "<group>"; };
		3C85874428E17CF200C12FBA /* body_emissive.jpg */ = {isa = PBXFileReference; lastKnownFileType = image.jpeg; path = body_emissive.jpg; sourceTree = "<group>"; };
		3C85874528E17CF200C12FBA /* README */ = {isa = PBXFileReference; fileEncoding = 4; lastKnownFileType = text; path = README; sourceTree = "<group>"; };
		3C85874628E17CF200C12FBA /* scene.gltf */ = {isa = PBXFileReference; fileEncoding = 4; lastKnownFileType = text; path = scene.gltf; sourceTree = "<group>"; };
		3C85874728E17CF200C12FBA /* scene.bin */ = {isa = PBXFileReference; lastKnownFileType = archive.macbinary; path = scene.bin; sourceTree = "<group>"; };
		3C85883F28E180F800C12FBA /* default_env_skybox_tiny.ktx */ = {isa = PBXFileReference; lastKnownFileType = file; path = default_env_skybox_tiny.ktx; sourceTree = "<group>"; };
		3C85884028E180F800C12FBA /* default_env_skybox.ktx */ = {isa = PBXFileReference; lastKnownFileType = file; path = default_env_skybox.ktx; sourceTree = "<group>"; };
		3C85884328E1810A00C12FBA /* default_env_ibl.ktx */ = {isa = PBXFileReference; lastKnownFileType = file; path = default_env_ibl.ktx; sourceTree = "<group>"; };
		3C85884528E1851D00C12FBA /* cup.bin */ = {isa = PBXFileReference; lastKnownFileType = archive.macbinary; path = cup.bin; sourceTree = "<group>"; };
		3C85884628E1851D00C12FBA /* cup.gltf */ = {isa = PBXFileReference; fileEncoding = 4; lastKnownFileType = text; path = cup.gltf; sourceTree = "<group>"; };
		6AFB18D30567A61248740F64 /* Pods-FilamentSample.debug.xcconfig */ = {isa = PBXFileReference; includeInIndex = 1; lastKnownFileType = text.xcconfig; name = "Pods-FilamentSample.debug.xcconfig"; path = "Target Support Files/Pods-FilamentSample/Pods-FilamentSample.debug.xcconfig"; sourceTree = "<group>"; };
		ABCF2A292AF96D735FA39BE0 /* Pods-FilamentSample.release.xcconfig */ = {isa = PBXFileReference; includeInIndex = 1; lastKnownFileType = text.xcconfig; name = "Pods-FilamentSample.release.xcconfig"; path = "Target Support Files/Pods-FilamentSample/Pods-FilamentSample.release.xcconfig"; sourceTree = "<group>"; };
		C955BA37D25AC5FE8E78042A /* Pods_FilamentSample.framework */ = {isa = PBXFileReference; explicitFileType = wrapper.framework; includeInIndex = 0; path = Pods_FilamentSample.framework; sourceTree = BUILT_PRODUCTS_DIR; };
/* End PBXFileReference section */

/* Begin PBXFrameworksBuildPhase section */
		3C85870B28E1738E00C12FBA /* Frameworks */ = {
			isa = PBXFrameworksBuildPhase;
			buildActionMask = 2147483647;
			files = (
				B6194039E78C446D60AB504D /* Pods_FilamentSample.framework in Frameworks */,
			);
			runOnlyForDeploymentPostprocessing = 0;
		};
/* End PBXFrameworksBuildPhase section */

/* Begin PBXGroup section */
		110759A4758F7DB62323AEC0 /* Pods */ = {
			isa = PBXGroup;
			children = (
				6AFB18D30567A61248740F64 /* Pods-FilamentSample.debug.xcconfig */,
				ABCF2A292AF96D735FA39BE0 /* Pods-FilamentSample.release.xcconfig */,
			);
			path = Pods;
			sourceTree = "<group>";
		};
		3C85870528E1738E00C12FBA = {
			isa = PBXGroup;
			children = (
				3C85872D28E1753700C12FBA /* Config.xcconfig */,
				3C85871028E1738E00C12FBA /* FilamentSample */,
				3C85870F28E1738E00C12FBA /* Products */,
				110759A4758F7DB62323AEC0 /* Pods */,
				9CA09592483215CBCC3706D9 /* Frameworks */,
			);
			sourceTree = "<group>";
		};
		3C85870F28E1738E00C12FBA /* Products */ = {
			isa = PBXGroup;
			children = (
				3C85870E28E1738E00C12FBA /* FilamentSample.app */,
			);
			name = Products;
			sourceTree = "<group>";
		};
		3C85871028E1738E00C12FBA /* FilamentSample */ = {
			isa = PBXGroup;
			children = (
				3C85883F28E180F800C12FBA /* default_env_skybox_tiny.ktx */,
				3C85884028E180F800C12FBA /* default_env_skybox.ktx */,
				3C85884328E1810A00C12FBA /* default_env_ibl.ktx */,
				3C85873928E17CF100C12FBA /* BusterDrone */,
				3C85871128E1738E00C12FBA /* AppDelegate.h */,
				3C85871228E1738E00C12FBA /* AppDelegate.m */,
				3C85871428E1738E00C12FBA /* SceneDelegate.h */,
				3C85871528E1738E00C12FBA /* SceneDelegate.m */,
				3C85871728E1738E00C12FBA /* ViewController.h */,
				3C85871828E1738E00C12FBA /* ViewController.mm */,
				3C85872A28E174BF00C12FBA /* FilamentModelView.h */,
				3C85872B28E174BF00C12FBA /* FilamentModelView.mm */,
				3C85871A28E1738E00C12FBA /* Main.storyboard */,
				3C85871D28E1738F00C12FBA /* Assets.xcassets */,
				3C85871F28E1738F00C12FBA /* LaunchScreen.storyboard */,
				3C85872228E1738F00C12FBA /* Info.plist */,
				3C85872328E1738F00C12FBA /* main.m */,
			);
			path = FilamentSample;
			sourceTree = "<group>";
		};
		3C85873928E17CF100C12FBA /* BusterDrone */ = {
			isa = PBXGroup;
			children = (
				3C85873A28E17CF100C12FBA /* textures */,
				3C85884528E1851D00C12FBA /* cup.bin */,
				3C85884628E1851D00C12FBA /* cup.gltf */,
				3C85874528E17CF200C12FBA /* README */,
				3C85874628E17CF200C12FBA /* scene.gltf */,
				3C85874728E17CF200C12FBA /* scene.bin */,
			);
			path = BusterDrone;
			sourceTree = "<group>";
		};
		3C85873A28E17CF100C12FBA /* textures */ = {
			isa = PBXGroup;
			children = (
				3C85873B28E17CF100C12FBA /* Boden_baseColor.jpg */,
				3C85873C28E17CF100C12FBA /* material_baseColor.jpg */,
				3C85873D28E17CF100C12FBA /* Boden_metallicRoughness.jpg */,
				3C85873E28E17CF100C12FBA /* body_baseColor.jpg */,
				3C85873F28E17CF100C12FBA /* body_normal.jpg */,
				3C85874028E17CF100C12FBA /* Boden_normal.jpg */,
				3C85874128E17CF200C12FBA /* body_metallicRoughness.jpg */,
				3C85874228E17CF200C12FBA /* material_metallicRoughness.jpg */,
				3C85874328E17CF200C12FBA /* material_normal.jpg */,
				3C85874428E17CF200C12FBA /* body_emissive.jpg */,
			);
			path = textures;
			sourceTree = "<group>";
		};
		9CA09592483215CBCC3706D9 /* Frameworks */ = {
			isa = PBXGroup;
			children = (
				C955BA37D25AC5FE8E78042A /* Pods_FilamentSample.framework */,
			);
			name = Frameworks;
			sourceTree = "<group>";
		};
/* End PBXGroup section */

/* Begin PBXNativeTarget section */
		3C85870D28E1738E00C12FBA /* FilamentSample */ = {
			isa = PBXNativeTarget;
			buildConfigurationList = 3C85872728E1738F00C12FBA /* Build configuration list for PBXNativeTarget "FilamentSample" */;
			buildPhases = (
				9991A5402DC83514B840738C /* [CP] Check Pods Manifest.lock */,
				3C85870A28E1738E00C12FBA /* Sources */,
				3C85870B28E1738E00C12FBA /* Frameworks */,
				3C85870C28E1738E00C12FBA /* Resources */,
				3C85875528E17DF200C12FBA /* CopyFiles */,
				3C85876228E17E7700C12FBA /* CopyFiles */,
			);
			buildRules = (
			);
			dependencies = (
			);
			name = FilamentSample;
			productName = FilamentSample;
			productReference = 3C85870E28E1738E00C12FBA /* FilamentSample.app */;
			productType = "com.apple.product-type.application";
		};
/* End PBXNativeTarget section */

/* Begin PBXProject section */
		3C85870628E1738E00C12FBA /* Project object */ = {
			isa = PBXProject;
			attributes = {
				BuildIndependentTargetsInParallel = 1;
				LastUpgradeCheck = 1400;
				TargetAttributes = {
					3C85870D28E1738E00C12FBA = {
						CreatedOnToolsVersion = 14.0;
					};
				};
			};
			buildConfigurationList = 3C85870928E1738E00C12FBA /* Build configuration list for PBXProject "FilamentSample" */;
			compatibilityVersion = "Xcode 14.0";
			developmentRegion = en;
			hasScannedForEncodings = 0;
			knownRegions = (
				en,
				Base,
			);
			mainGroup = 3C85870528E1738E00C12FBA;
			productRefGroup = 3C85870F28E1738E00C12FBA /* Products */;
			projectDirPath = "";
			projectRoot = "";
			targets = (
				3C85870D28E1738E00C12FBA /* FilamentSample */,
			);
		};
/* End PBXProject section */

/* Begin PBXResourcesBuildPhase section */
		3C85870C28E1738E00C12FBA /* Resources */ = {
			isa = PBXResourcesBuildPhase;
			buildActionMask = 2147483647;
			files = (
				3C85884428E1810A00C12FBA /* default_env_ibl.ktx in Resources */,
				3C85872128E1738F00C12FBA /* LaunchScreen.storyboard in Resources */,
				3C85871E28E1738F00C12FBA /* Assets.xcassets in Resources */,
				3C85871C28E1738E00C12FBA /* Main.storyboard in Resources */,
				3C85884128E180F800C12FBA /* default_env_skybox_tiny.ktx in Resources */,
				3C85884228E180F800C12FBA /* default_env_skybox.ktx in Resources */,
			);
			runOnlyForDeploymentPostprocessing = 0;
		};
/* End PBXResourcesBuildPhase section */

/* Begin PBXShellScriptBuildPhase section */
		9991A5402DC83514B840738C /* [CP] Check Pods Manifest.lock */ = {
			isa = PBXShellScriptBuildPhase;
			buildActionMask = 2147483647;
			files = (
			);
			inputFileListPaths = (
			);
			inputPaths = (
				"${PODS_PODFILE_DIR_PATH}/Podfile.lock",
				"${PODS_ROOT}/Manifest.lock",
			);
			name = "[CP] Check Pods Manifest.lock";
			outputFileListPaths = (
			);
			outputPaths = (
				"$(DERIVED_FILE_DIR)/Pods-FilamentSample-checkManifestLockResult.txt",
			);
			runOnlyForDeploymentPostprocessing = 0;
			shellPath = /bin/sh;
			shellScript = "diff \"${PODS_PODFILE_DIR_PATH}/Podfile.lock\" \"${PODS_ROOT}/Manifest.lock\" > /dev/null\nif [ $? != 0 ] ; then\n    # print error to STDERR\n    echo \"error: The sandbox is not in sync with the Podfile.lock. Run 'pod install' or update your CocoaPods installation.\" >&2\n    exit 1\nfi\n# This output is used by Xcode 'outputs' to avoid re-running this script phase.\necho \"SUCCESS\" > \"${SCRIPT_OUTPUT_FILE_0}\"\n";
			showEnvVarsInLog = 0;
		};
/* End PBXShellScriptBuildPhase section */

/* Begin PBXSourcesBuildPhase section */
		3C85870A28E1738E00C12FBA /* Sources */ = {
			isa = PBXSourcesBuildPhase;
			buildActionMask = 2147483647;
			files = (
				3C85871928E1738E00C12FBA /* ViewController.mm in Sources */,
				3C85871328E1738E00C12FBA /* AppDelegate.m in Sources */,
				3C85872428E1738F00C12FBA /* main.m in Sources */,
				3C85872C28E174BF00C12FBA /* FilamentModelView.mm in Sources */,
				3C85871628E1738E00C12FBA /* SceneDelegate.m in Sources */,
			);
			runOnlyForDeploymentPostprocessing = 0;
		};
/* End PBXSourcesBuildPhase section */

/* Begin PBXVariantGroup section */
		3C85871A28E1738E00C12FBA /* Main.storyboard */ = {
			isa = PBXVariantGroup;
			children = (
				3C85871B28E1738E00C12FBA /* Base */,
			);
			name = Main.storyboard;
			sourceTree = "<group>";
		};
		3C85871F28E1738F00C12FBA /* LaunchScreen.storyboard */ = {
			isa = PBXVariantGroup;
			children = (
				3C85872028E1738F00C12FBA /* Base */,
			);
			name = LaunchScreen.storyboard;
			sourceTree = "<group>";
		};
/* End PBXVariantGroup section */

/* Begin XCBuildConfiguration section */
		3C85872528E1738F00C12FBA /* Debug */ = {
			isa = XCBuildConfiguration;
			baseConfigurationReference = 3C85872D28E1753700C12FBA /* Config.xcconfig */;
			buildSettings = {
				ALWAYS_SEARCH_USER_PATHS = NO;
				CLANG_ANALYZER_NONNULL = YES;
				CLANG_ANALYZER_NUMBER_OBJECT_CONVERSION = YES_AGGRESSIVE;
				CLANG_CXX_LANGUAGE_STANDARD = "gnu++20";
				CLANG_ENABLE_MODULES = YES;
				CLANG_ENABLE_OBJC_ARC = YES;
				CLANG_ENABLE_OBJC_WEAK = YES;
				CLANG_WARN_BLOCK_CAPTURE_AUTORELEASING = YES;
				CLANG_WARN_BOOL_CONVERSION = YES;
				CLANG_WARN_COMMA = YES;
				CLANG_WARN_CONSTANT_CONVERSION = YES;
				CLANG_WARN_DEPRECATED_OBJC_IMPLEMENTATIONS = YES;
				CLANG_WARN_DIRECT_OBJC_ISA_USAGE = YES_ERROR;
				CLANG_WARN_DOCUMENTATION_COMMENTS = YES;
				CLANG_WARN_EMPTY_BODY = YES;
				CLANG_WARN_ENUM_CONVERSION = YES;
				CLANG_WARN_INFINITE_RECURSION = YES;
				CLANG_WARN_INT_CONVERSION = YES;
				CLANG_WARN_NON_LITERAL_NULL_CONVERSION = YES;
				CLANG_WARN_OBJC_IMPLICIT_RETAIN_SELF = YES;
				CLANG_WARN_OBJC_LITERAL_CONVERSION = YES;
				CLANG_WARN_OBJC_ROOT_CLASS = YES_ERROR;
				CLANG_WARN_QUOTED_INCLUDE_IN_FRAMEWORK_HEADER = YES;
				CLANG_WARN_RANGE_LOOP_ANALYSIS = YES;
				CLANG_WARN_STRICT_PROTOTYPES = YES;
				CLANG_WARN_SUSPICIOUS_MOVE = YES;
				CLANG_WARN_UNGUARDED_AVAILABILITY = YES_AGGRESSIVE;
				CLANG_WARN_UNREACHABLE_CODE = YES;
				CLANG_WARN__DUPLICATE_METHOD_MATCH = YES;
				COPY_PHASE_STRIP = NO;
				DEBUG_INFORMATION_FORMAT = dwarf;
				ENABLE_STRICT_OBJC_MSGSEND = YES;
				ENABLE_TESTABILITY = YES;
				GCC_C_LANGUAGE_STANDARD = gnu11;
				GCC_DYNAMIC_NO_PIC = NO;
				GCC_NO_COMMON_BLOCKS = YES;
				GCC_OPTIMIZATION_LEVEL = 0;
				GCC_PREPROCESSOR_DEFINITIONS = (
					"DEBUG=1",
					"$(inherited)",
				);
				GCC_WARN_64_TO_32_BIT_CONVERSION = YES;
				GCC_WARN_ABOUT_RETURN_TYPE = YES_ERROR;
				GCC_WARN_UNDECLARED_SELECTOR = YES;
				GCC_WARN_UNINITIALIZED_AUTOS = YES_AGGRESSIVE;
				GCC_WARN_UNUSED_FUNCTION = YES;
				GCC_WARN_UNUSED_VARIABLE = YES;
				IPHONEOS_DEPLOYMENT_TARGET = 16.0;
				MTL_ENABLE_DEBUG_INFO = INCLUDE_SOURCE;
				MTL_FAST_MATH = YES;
				ONLY_ACTIVE_ARCH = YES;
				SDKROOT = iphoneos;
			};
			name = Debug;
		};
		3C85872628E1738F00C12FBA /* Release */ = {
			isa = XCBuildConfiguration;
			baseConfigurationReference = 3C85872D28E1753700C12FBA /* Config.xcconfig */;
			buildSettings = {
				ALWAYS_SEARCH_USER_PATHS = NO;
				CLANG_ANALYZER_NONNULL = YES;
				CLANG_ANALYZER_NUMBER_OBJECT_CONVERSION = YES_AGGRESSIVE;
				CLANG_CXX_LANGUAGE_STANDARD = "gnu++20";
				CLANG_ENABLE_MODULES = YES;
				CLANG_ENABLE_OBJC_ARC = YES;
				CLANG_ENABLE_OBJC_WEAK = YES;
				CLANG_WARN_BLOCK_CAPTURE_AUTORELEASING = YES;
				CLANG_WARN_BOOL_CONVERSION = YES;
				CLANG_WARN_COMMA = YES;
				CLANG_WARN_CONSTANT_CONVERSION = YES;
				CLANG_WARN_DEPRECATED_OBJC_IMPLEMENTATIONS = YES;
				CLANG_WARN_DIRECT_OBJC_ISA_USAGE = YES_ERROR;
				CLANG_WARN_DOCUMENTATION_COMMENTS = YES;
				CLANG_WARN_EMPTY_BODY = YES;
				CLANG_WARN_ENUM_CONVERSION = YES;
				CLANG_WARN_INFINITE_RECURSION = YES;
				CLANG_WARN_INT_CONVERSION = YES;
				CLANG_WARN_NON_LITERAL_NULL_CONVERSION = YES;
				CLANG_WARN_OBJC_IMPLICIT_RETAIN_SELF = YES;
				CLANG_WARN_OBJC_LITERAL_CONVERSION = YES;
				CLANG_WARN_OBJC_ROOT_CLASS = YES_ERROR;
				CLANG_WARN_QUOTED_INCLUDE_IN_FRAMEWORK_HEADER = YES;
				CLANG_WARN_RANGE_LOOP_ANALYSIS = YES;
				CLANG_WARN_STRICT_PROTOTYPES = YES;
				CLANG_WARN_SUSPICIOUS_MOVE = YES;
				CLANG_WARN_UNGUARDED_AVAILABILITY = YES_AGGRESSIVE;
				CLANG_WARN_UNREACHABLE_CODE = YES;
				CLANG_WARN__DUPLICATE_METHOD_MATCH = YES;
				COPY_PHASE_STRIP = NO;
				DEBUG_INFORMATION_FORMAT = "dwarf-with-dsym";
				ENABLE_NS_ASSERTIONS = NO;
				ENABLE_STRICT_OBJC_MSGSEND = YES;
				GCC_C_LANGUAGE_STANDARD = gnu11;
				GCC_NO_COMMON_BLOCKS = YES;
				GCC_WARN_64_TO_32_BIT_CONVERSION = YES;
				GCC_WARN_ABOUT_RETURN_TYPE = YES_ERROR;
				GCC_WARN_UNDECLARED_SELECTOR = YES;
				GCC_WARN_UNINITIALIZED_AUTOS = YES_AGGRESSIVE;
				GCC_WARN_UNUSED_FUNCTION = YES;
				GCC_WARN_UNUSED_VARIABLE = YES;
				IPHONEOS_DEPLOYMENT_TARGET = 16.0;
				MTL_ENABLE_DEBUG_INFO = NO;
				MTL_FAST_MATH = YES;
				SDKROOT = iphoneos;
				VALIDATE_PRODUCT = YES;
			};
			name = Release;
		};
		3C85872828E1738F00C12FBA /* Debug */ = {
			isa = XCBuildConfiguration;
			baseConfigurationReference = 6AFB18D30567A61248740F64 /* Pods-FilamentSample.debug.xcconfig */;
			buildSettings = {
				ASSETCATALOG_COMPILER_APPICON_NAME = AppIcon;
				ASSETCATALOG_COMPILER_GLOBAL_ACCENT_COLOR_NAME = AccentColor;
				"CODE_SIGN_IDENTITY[sdk=iphoneos*]" = "iPhone Developer";
				CODE_SIGN_STYLE = Manual;
				CURRENT_PROJECT_VERSION = 1;
				DEVELOPMENT_TEAM = "";
				"DEVELOPMENT_TEAM[sdk=iphoneos*]" = 492U995837;
				GENERATE_INFOPLIST_FILE = YES;
				INFOPLIST_FILE = FilamentSample/Info.plist;
				INFOPLIST_KEY_UIApplicationSupportsIndirectInputEvents = YES;
				INFOPLIST_KEY_UILaunchStoryboardName = LaunchScreen;
				INFOPLIST_KEY_UIMainStoryboardFile = Main;
				INFOPLIST_KEY_UISupportedInterfaceOrientations = "UIInterfaceOrientationLandscapeLeft UIInterfaceOrientationLandscapeRight UIInterfaceOrientationPortrait";
				INFOPLIST_KEY_UISupportedInterfaceOrientations_iPad = "UIInterfaceOrientationLandscapeLeft UIInterfaceOrientationLandscapeRight UIInterfaceOrientationPortrait UIInterfaceOrientationPortraitUpsideDown";
				IPHONEOS_DEPLOYMENT_TARGET = 14.0;
				LD_RUNPATH_SEARCH_PATHS = (
					"$(inherited)",
					"@executable_path/Frameworks",
				);
				MARKETING_VERSION = 1.0;
				PRODUCT_BUNDLE_IDENTIFIER = com.taihe.FilamentSample;
				PRODUCT_NAME = "$(TARGET_NAME)";
				PROVISIONING_PROFILE_SPECIFIER = "";
				"PROVISIONING_PROFILE_SPECIFIER[sdk=iphoneos*]" = "match Development com.taihe.*";
				SUPPORTED_PLATFORMS = "iphoneos iphonesimulator";
				SUPPORTS_MACCATALYST = NO;
				SUPPORTS_MAC_DESIGNED_FOR_IPHONE_IPAD = NO;
				SWIFT_EMIT_LOC_STRINGS = YES;
				TARGETED_DEVICE_FAMILY = 1;
			};
			name = Debug;
		};
		3C85872928E1738F00C12FBA /* Release */ = {
			isa = XCBuildConfiguration;
			baseConfigurationReference = ABCF2A292AF96D735FA39BE0 /* Pods-FilamentSample.release.xcconfig */;
			buildSettings = {
				ASSETCATALOG_COMPILER_APPICON_NAME = AppIcon;
				ASSETCATALOG_COMPILER_GLOBAL_ACCENT_COLOR_NAME = AccentColor;
				"CODE_SIGN_IDENTITY[sdk=iphoneos*]" = "iPhone Developer";
				CODE_SIGN_STYLE = Manual;
				CURRENT_PROJECT_VERSION = 1;
				DEVELOPMENT_TEAM = "";
				"DEVELOPMENT_TEAM[sdk=iphoneos*]" = 492U995837;
				GENERATE_INFOPLIST_FILE = YES;
				INFOPLIST_FILE = FilamentSample/Info.plist;
				INFOPLIST_KEY_UIApplicationSupportsIndirectInputEvents = YES;
				INFOPLIST_KEY_UILaunchStoryboardName = LaunchScreen;
				INFOPLIST_KEY_UIMainStoryboardFile = Main;
				INFOPLIST_KEY_UISupportedInterfaceOrientations = "UIInterfaceOrientationLandscapeLeft UIInterfaceOrientationLandscapeRight UIInterfaceOrientationPortrait";
				INFOPLIST_KEY_UISupportedInterfaceOrientations_iPad = "UIInterfaceOrientationLandscapeLeft UIInterfaceOrientationLandscapeRight UIInterfaceOrientationPortrait UIInterfaceOrientationPortraitUpsideDown";
				IPHONEOS_DEPLOYMENT_TARGET = 14.0;
				LD_RUNPATH_SEARCH_PATHS = (
					"$(inherited)",
					"@executable_path/Frameworks",
				);
				MARKETING_VERSION = 1.0;
				PRODUCT_BUNDLE_IDENTIFIER = com.taihe.FilamentSample;
				PRODUCT_NAME = "$(TARGET_NAME)";
				PROVISIONING_PROFILE_SPECIFIER = "";
				"PROVISIONING_PROFILE_SPECIFIER[sdk=iphoneos*]" = "match Development com.taihe.*";
				SUPPORTED_PLATFORMS = "iphoneos iphonesimulator";
				SUPPORTS_MACCATALYST = NO;
				SUPPORTS_MAC_DESIGNED_FOR_IPHONE_IPAD = NO;
				SWIFT_EMIT_LOC_STRINGS = YES;
				TARGETED_DEVICE_FAMILY = 1;
			};
			name = Release;
		};
/* End XCBuildConfiguration section */

/* Begin XCConfigurationList section */
		3C85870928E1738E00C12FBA /* Build configuration list for PBXProject "FilamentSample" */ = {
			isa = XCConfigurationList;
			buildConfigurations = (
				3C85872528E1738F00C12FBA /* Debug */,
				3C85872628E1738F00C12FBA /* Release */,
			);
			defaultConfigurationIsVisible = 0;
			defaultConfigurationName = Release;
		};
		3C85872728E1738F00C12FBA /* Build configuration list for PBXNativeTarget "FilamentSample" */ = {
			isa = XCConfigurationList;
			buildConfigurations = (
				3C85872828E1738F00C12FBA /* Debug */,
				3C85872928E1738F00C12FBA /* Release */,
			);
			defaultConfigurationIsVisible = 0;
			defaultConfigurationName = Release;
		};
/* End XCConfigurationList section */
	};
	rootObject = 3C85870628E1738E00C12FBA /* Project object */;
}
