// !$*UTF8*$!
{
	archiveVersion = 1;
	classes = {
	};
	objectVersion = 54;
	objects = {

/* Begin PBXBuildFile section */
		3C699DF1290BAD1900E53218 /* MessageCellViewModel.swift in Sources */ = {isa = PBXBuildFile; fileRef = 3C699DF0290BAD1900E53218 /* MessageCellViewModel.swift */; };
		3C699DF3290BB96900E53218 /* MessageTableViewCell.swift in Sources */ = {isa = PBXBuildFile; fileRef = 3C699DF2290BB96900E53218 /* MessageTableViewCell.swift */; };
		3CC3243A290B7FA90082A9DD /* AppDelegate.swift in Sources */ = {isa = PBXBuildFile; fileRef = 3CC32439290B7FA90082A9DD /* AppDelegate.swift */; };
		3CC3243C290B7FA90082A9DD /* SceneDelegate.swift in Sources */ = {isa = PBXBuildFile; fileRef = 3CC3243B290B7FA90082A9DD /* SceneDelegate.swift */; };
		3CC3243E290B7FA90082A9DD /* ViewController.swift in Sources */ = {isa = PBXBuildFile; fileRef = 3CC3243D290B7FA90082A9DD /* ViewController.swift */; };
		3CC32441290B7FA90082A9DD /* Main.storyboard in Resources */ = {isa = PBXBuildFile; fileRef = 3CC3243F290B7FA90082A9DD /* Main.storyboard */; };
		3CC32443290B7FAA0082A9DD /* Assets.xcassets in Resources */ = {isa = PBXBuildFile; fileRef = 3CC32442290B7FAA0082A9DD /* Assets.xcassets */; };
		3CC32446290B7FAA0082A9DD /* LaunchScreen.storyboard in Resources */ = {isa = PBXBuildFile; fileRef = 3CC32444290B7FAA0082A9DD /* LaunchScreen.storyboard */; };
		3CC3244E290B80D60082A9DD /* MessageViewController.swift in Sources */ = {isa = PBXBuildFile; fileRef = 3CC3244D290B80D60082A9DD /* MessageViewController.swift */; };
		3CC32450290B81B40082A9DD /* MessageCollectionViewCell.swift in Sources */ = {isa = PBXBuildFile; fileRef = 3CC3244F290B81B40082A9DD /* MessageCollectionViewCell.swift */; };
		3CC32452290B82940082A9DD /* InputViewController.swift in Sources */ = {isa = PBXBuildFile; fileRef = 3CC32451290B82940082A9DD /* InputViewController.swift */; };
/* End PBXBuildFile section */

/* Begin PBXFileReference section */
		3C699DF0290BAD1900E53218 /* MessageCellViewModel.swift */ = {isa = PBXFileReference; lastKnownFileType = sourcecode.swift; path = MessageCellViewModel.swift; sourceTree = "<group>"; };
		3C699DF2290BB96900E53218 /* MessageTableViewCell.swift */ = {isa = PBXFileReference; lastKnownFileType = sourcecode.swift; path = MessageTableViewCell.swift; sourceTree = "<group>"; };
		3C699DF4290BC05C00E53218 /* Config.xcconfig */ = {isa = PBXFileReference; lastKnownFileType = text.xcconfig; path = Config.xcconfig; sourceTree = "<group>"; };
		3CC32436290B7FA90082A9DD /* ChatSample.app */ = {isa = PBXFileReference; explicitFileType = wrapper.application; includeInIndex = 0; path = ChatSample.app; sourceTree = BUILT_PRODUCTS_DIR; };
		3CC32439290B7FA90082A9DD /* AppDelegate.swift */ = {isa = PBXFileReference; lastKnownFileType = sourcecode.swift; path = AppDelegate.swift; sourceTree = "<group>"; };
		3CC3243B290B7FA90082A9DD /* SceneDelegate.swift */ = {isa = PBXFileReference; lastKnownFileType = sourcecode.swift; path = SceneDelegate.swift; sourceTree = "<group>"; };
		3CC3243D290B7FA90082A9DD /* ViewController.swift */ = {isa = PBXFileReference; lastKnownFileType = sourcecode.swift; path = ViewController.swift; sourceTree = "<group>"; };
		3CC32440290B7FA90082A9DD /* Base */ = {isa = PBXFileReference; lastKnownFileType = file.storyboard; name = Base; path = Base.lproj/Main.storyboard; sourceTree = "<group>"; };
		3CC32442290B7FAA0082A9DD /* Assets.xcassets */ = {isa = PBXFileReference; lastKnownFileType = folder.assetcatalog; path = Assets.xcassets; sourceTree = "<group>"; };
		3CC32445290B7FAA0082A9DD /* Base */ = {isa = PBXFileReference; lastKnownFileType = file.storyboard; name = Base; path = Base.lproj/LaunchScreen.storyboard; sourceTree = "<group>"; };
		3CC32447290B7FAA0082A9DD /* Info.plist */ = {isa = PBXFileReference; lastKnownFileType = text.plist.xml; path = Info.plist; sourceTree = "<group>"; };
		3CC3244D290B80D60082A9DD /* MessageViewController.swift */ = {isa = PBXFileReference; lastKnownFileType = sourcecode.swift; path = MessageViewController.swift; sourceTree = "<group>"; };
		3CC3244F290B81B40082A9DD /* MessageCollectionViewCell.swift */ = {isa = PBXFileReference; lastKnownFileType = sourcecode.swift; path = MessageCollectionViewCell.swift; sourceTree = "<group>"; };
		3CC32451290B82940082A9DD /* InputViewController.swift */ = {isa = PBXFileReference; lastKnownFileType = sourcecode.swift; path = InputViewController.swift; sourceTree = "<group>"; };
/* End PBXFileReference section */

/* Begin PBXFrameworksBuildPhase section */
		3CC32433290B7FA90082A9DD /* Frameworks */ = {
			isa = PBXFrameworksBuildPhase;
			buildActionMask = 2147483647;
			files = (
			);
			runOnlyForDeploymentPostprocessing = 0;
		};
/* End PBXFrameworksBuildPhase section */

/* Begin PBXGroup section */
		3CC3242D290B7FA90082A9DD = {
			isa = PBXGroup;
			children = (
				3CC32438290B7FA90082A9DD /* ChatSample */,
				3CC32437290B7FA90082A9DD /* Products */,
			);
			sourceTree = "<group>";
		};
		3CC32437290B7FA90082A9DD /* Products */ = {
			isa = PBXGroup;
			children = (
				3CC32436290B7FA90082A9DD /* ChatSample.app */,
			);
			name = Products;
			sourceTree = "<group>";
		};
		3CC32438290B7FA90082A9DD /* ChatSample */ = {
			isa = PBXGroup;
			children = (
				3CC32439290B7FA90082A9DD /* AppDelegate.swift */,
				3CC3243B290B7FA90082A9DD /* SceneDelegate.swift */,
				3CC3243D290B7FA90082A9DD /* ViewController.swift */,
				3CC32451290B82940082A9DD /* InputViewController.swift */,
				3CC3244D290B80D60082A9DD /* MessageViewController.swift */,
				3CC3244F290B81B40082A9DD /* MessageCollectionViewCell.swift */,
				3C699DF2290BB96900E53218 /* MessageTableViewCell.swift */,
				3C699DF0290BAD1900E53218 /* MessageCellViewModel.swift */,
				3CC3243F290B7FA90082A9DD /* Main.storyboard */,
				3CC32442290B7FAA0082A9DD /* Assets.xcassets */,
				3CC32444290B7FAA0082A9DD /* LaunchScreen.storyboard */,
				3CC32447290B7FAA0082A9DD /* Info.plist */,
				3C699DF4290BC05C00E53218 /* Config.xcconfig */,
			);
			path = ChatSample;
			sourceTree = "<group>";
		};
/* End PBXGroup section */

/* Begin PBXNativeTarget section */
		3CC32435290B7FA90082A9DD /* ChatSample */ = {
			isa = PBXNativeTarget;
			buildConfigurationList = 3CC3244A290B7FAA0082A9DD /* Build configuration list for PBXNativeTarget "ChatSample" */;
			buildPhases = (
				3CC32432290B7FA90082A9DD /* Sources */,
				3CC32433290B7FA90082A9DD /* Frameworks */,
				3CC32434290B7FA90082A9DD /* Resources */,
			);
			buildRules = (
			);
			dependencies = (
			);
			name = ChatSample;
			productName = ChatSample;
			productReference = 3CC32436290B7FA90082A9DD /* ChatSample.app */;
			productType = "com.apple.product-type.application";
		};
/* End PBXNativeTarget section */

/* Begin PBXProject section */
		3CC3242E290B7FA90082A9DD /* Project object */ = {
			isa = PBXProject;
			attributes = {
				BuildIndependentTargetsInParallel = 1;
				LastSwiftUpdateCheck = 1400;
				LastUpgradeCheck = 1400;
				TargetAttributes = {
					3CC32435290B7FA90082A9DD = {
						CreatedOnToolsVersion = 14.0.1;
					};
				};
			};
			buildConfigurationList = 3CC32431290B7FA90082A9DD /* Build configuration list for PBXProject "ChatSample" */;
			compatibilityVersion = "Xcode 12.0";
			developmentRegion = en;
			hasScannedForEncodings = 0;
			knownRegions = (
				en,
				Base,
			);
			mainGroup = 3CC3242D290B7FA90082A9DD;
			productRefGroup = 3CC32437290B7FA90082A9DD /* Products */;
			projectDirPath = "";
			projectRoot = "";
			targets = (
				3CC32435290B7FA90082A9DD /* ChatSample */,
			);
		};
/* End PBXProject section */

/* Begin PBXResourcesBuildPhase section */
		3CC32434290B7FA90082A9DD /* Resources */ = {
			isa = PBXResourcesBuildPhase;
			buildActionMask = 2147483647;
			files = (
				3CC32446290B7FAA0082A9DD /* LaunchScreen.storyboard in Resources */,
				3CC32443290B7FAA0082A9DD /* Assets.xcassets in Resources */,
				3CC32441290B7FA90082A9DD /* Main.storyboard in Resources */,
			);
			runOnlyForDeploymentPostprocessing = 0;
		};
/* End PBXResourcesBuildPhase section */

/* Begin PBXSourcesBuildPhase section */
		3CC32432290B7FA90082A9DD /* Sources */ = {
			isa = PBXSourcesBuildPhase;
			buildActionMask = 2147483647;
			files = (
				3CC3243E290B7FA90082A9DD /* ViewController.swift in Sources */,
				3CC32450290B81B40082A9DD /* MessageCollectionViewCell.swift in Sources */,
				3C699DF1290BAD1900E53218 /* MessageCellViewModel.swift in Sources */,
				3CC3243A290B7FA90082A9DD /* AppDelegate.swift in Sources */,
				3CC32452290B82940082A9DD /* InputViewController.swift in Sources */,
				3C699DF3290BB96900E53218 /* MessageTableViewCell.swift in Sources */,
				3CC3244E290B80D60082A9DD /* MessageViewController.swift in Sources */,
				3CC3243C290B7FA90082A9DD /* SceneDelegate.swift in Sources */,
			);
			runOnlyForDeploymentPostprocessing = 0;
		};
/* End PBXSourcesBuildPhase section */

/* Begin PBXVariantGroup section */
		3CC3243F290B7FA90082A9DD /* Main.storyboard */ = {
			isa = PBXVariantGroup;
			children = (
				3CC32440290B7FA90082A9DD /* Base */,
			);
			name = Main.storyboard;
			sourceTree = "<group>";
		};
		3CC32444290B7FAA0082A9DD /* LaunchScreen.storyboard */ = {
			isa = PBXVariantGroup;
			children = (
				3CC32445290B7FAA0082A9DD /* Base */,
			);
			name = LaunchScreen.storyboard;
			sourceTree = "<group>";
		};
/* End PBXVariantGroup section */

/* Begin XCBuildConfiguration section */
		3CC32448290B7FAA0082A9DD /* Debug */ = {
			isa = XCBuildConfiguration;
			baseConfigurationReference = 3C699DF4290BC05C00E53218 /* Config.xcconfig */;
			buildSettings = {
				ALWAYS_SEARCH_USER_PATHS = NO;
				CLANG_ANALYZER_NONNULL = YES;
				CLANG_ANALYZER_NUMBER_OBJECT_CONVERSION = YES_AGGRESSIVE;
				CLANG_CXX_LANGUAGE_STANDARD = "gnu++20";
				CLANG_ENABLE_MODULES = YES;
				CLANG_ENABLE_OBJC_ARC = YES;
				CLANG_ENABLE_OBJC_WEAK = YES;
				CLANG_WARN_BLOCK_CAPTURE_AUTORELEASING = YES;
				CLANG_WARN_BOOL_CONVERSION = YES;
				CLANG_WARN_COMMA = YES;
				CLANG_WARN_CONSTANT_CONVERSION = YES;
				CLANG_WARN_DEPRECATED_OBJC_IMPLEMENTATIONS = YES;
				CLANG_WARN_DIRECT_OBJC_ISA_USAGE = YES_ERROR;
				CLANG_WARN_DOCUMENTATION_COMMENTS = YES;
				CLANG_WARN_EMPTY_BODY = YES;
				CLANG_WARN_ENUM_CONVERSION = YES;
				CLANG_WARN_INFINITE_RECURSION = YES;
				CLANG_WARN_INT_CONVERSION = YES;
				CLANG_WARN_NON_LITERAL_NULL_CONVERSION = YES;
				CLANG_WARN_OBJC_IMPLICIT_RETAIN_SELF = YES;
				CLANG_WARN_OBJC_LITERAL_CONVERSION = YES;
				CLANG_WARN_OBJC_ROOT_CLASS = YES_ERROR;
				CLANG_WARN_QUOTED_INCLUDE_IN_FRAMEWORK_HEADER = YES;
				CLANG_WARN_RANGE_LOOP_ANALYSIS = YES;
				CLANG_WARN_STRICT_PROTOTYPES = YES;
				CLANG_WARN_SUSPICIOUS_MOVE = YES;
				CLANG_WARN_UNGUARDED_AVAILABILITY = YES_AGGRESSIVE;
				CLANG_WARN_UNREACHABLE_CODE = YES;
				CLANG_WARN__DUPLICATE_METHOD_MATCH = YES;
				COPY_PHASE_STRIP = NO;
				DEBUG_INFORMATION_FORMAT = dwarf;
				ENABLE_STRICT_OBJC_MSGSEND = YES;
				ENABLE_TESTABILITY = YES;
				GCC_C_LANGUAGE_STANDARD = gnu11;
				GCC_DYNAMIC_NO_PIC = NO;
				GCC_NO_COMMON_BLOCKS = YES;
				GCC_OPTIMIZATION_LEVEL = 0;
				GCC_PREPROCESSOR_DEFINITIONS = (
					"DEBUG=1",
					"$(inherited)",
				);
				GCC_WARN_64_TO_32_BIT_CONVERSION = YES;
				GCC_WARN_ABOUT_RETURN_TYPE = YES_ERROR;
				GCC_WARN_UNDECLARED_SELECTOR = YES;
				GCC_WARN_UNINITIALIZED_AUTOS = YES_AGGRESSIVE;
				GCC_WARN_UNUSED_FUNCTION = YES;
				GCC_WARN_UNUSED_VARIABLE = YES;
				IPHONEOS_DEPLOYMENT_TARGET = 16.0;
				MTL_ENABLE_DEBUG_INFO = INCLUDE_SOURCE;
				MTL_FAST_MATH = YES;
				ONLY_ACTIVE_ARCH = YES;
				SDKROOT = iphoneos;
				SWIFT_ACTIVE_COMPILATION_CONDITIONS = DEBUG;
				SWIFT_OPTIMIZATION_LEVEL = "-Onone";
			};
			name = Debug;
		};
		3CC32449290B7FAA0082A9DD /* Release */ = {
			isa = XCBuildConfiguration;
			baseConfigurationReference = 3C699DF4290BC05C00E53218 /* Config.xcconfig */;
			buildSettings = {
				ALWAYS_SEARCH_USER_PATHS = NO;
				CLANG_ANALYZER_NONNULL = YES;
				CLANG_ANALYZER_NUMBER_OBJECT_CONVERSION = YES_AGGRESSIVE;
				CLANG_CXX_LANGUAGE_STANDARD = "gnu++20";
				CLANG_ENABLE_MODULES = YES;
				CLANG_ENABLE_OBJC_ARC = YES;
				CLANG_ENABLE_OBJC_WEAK = YES;
				CLANG_WARN_BLOCK_CAPTURE_AUTORELEASING = YES;
				CLANG_WARN_BOOL_CONVERSION = YES;
				CLANG_WARN_COMMA = YES;
				CLANG_WARN_CONSTANT_CONVERSION = YES;
				CLANG_WARN_DEPRECATED_OBJC_IMPLEMENTATIONS = YES;
				CLANG_WARN_DIRECT_OBJC_ISA_USAGE = YES_ERROR;
				CLANG_WARN_DOCUMENTATION_COMMENTS = YES;
				CLANG_WARN_EMPTY_BODY = YES;
				CLANG_WARN_ENUM_CONVERSION = YES;
				CLANG_WARN_INFINITE_RECURSION = YES;
				CLANG_WARN_INT_CONVERSION = YES;
				CLANG_WARN_NON_LITERAL_NULL_CONVERSION = YES;
				CLANG_WARN_OBJC_IMPLICIT_RETAIN_SELF = YES;
				CLANG_WARN_OBJC_LITERAL_CONVERSION = YES;
				CLANG_WARN_OBJC_ROOT_CLASS = YES_ERROR;
				CLANG_WARN_QUOTED_INCLUDE_IN_FRAMEWORK_HEADER = YES;
				CLANG_WARN_RANGE_LOOP_ANALYSIS = YES;
				CLANG_WARN_STRICT_PROTOTYPES = YES;
				CLANG_WARN_SUSPICIOUS_MOVE = YES;
				CLANG_WARN_UNGUARDED_AVAILABILITY = YES_AGGRESSIVE;
				CLANG_WARN_UNREACHABLE_CODE = YES;
				CLANG_WARN__DUPLICATE_METHOD_MATCH = YES;
				COPY_PHASE_STRIP = NO;
				DEBUG_INFORMATION_FORMAT = "dwarf-with-dsym";
				ENABLE_NS_ASSERTIONS = NO;
				ENABLE_STRICT_OBJC_MSGSEND = YES;
				GCC_C_LANGUAGE_STANDARD = gnu11;
				GCC_NO_COMMON_BLOCKS = YES;
				GCC_WARN_64_TO_32_BIT_CONVERSION = YES;
				GCC_WARN_ABOUT_RETURN_TYPE = YES_ERROR;
				GCC_WARN_UNDECLARED_SELECTOR = YES;
				GCC_WARN_UNINITIALIZED_AUTOS = YES_AGGRESSIVE;
				GCC_WARN_UNUSED_FUNCTION = YES;
				GCC_WARN_UNUSED_VARIABLE = YES;
				IPHONEOS_DEPLOYMENT_TARGET = 16.0;
				MTL_ENABLE_DEBUG_INFO = NO;
				MTL_FAST_MATH = YES;
				SDKROOT = iphoneos;
				SWIFT_COMPILATION_MODE = wholemodule;
				SWIFT_OPTIMIZATION_LEVEL = "-O";
				VALIDATE_PRODUCT = YES;
			};
			name = Release;
		};
		3CC3244B290B7FAA0082A9DD /* Debug */ = {
			isa = XCBuildConfiguration;
			buildSettings = {
				ASSETCATALOG_COMPILER_APPICON_NAME = AppIcon;
				ASSETCATALOG_COMPILER_GLOBAL_ACCENT_COLOR_NAME = AccentColor;
				"CODE_SIGN_IDENTITY[sdk=iphoneos*]" = "iPhone Developer";
				CODE_SIGN_STYLE = Manual;
				CURRENT_PROJECT_VERSION = 1;
				DEVELOPMENT_TEAM = "";
				"DEVELOPMENT_TEAM[sdk=iphoneos*]" = 492U995837;
				GENERATE_INFOPLIST_FILE = YES;
				INFOPLIST_FILE = ChatSample/Info.plist;
				INFOPLIST_KEY_UIApplicationSupportsIndirectInputEvents = YES;
				INFOPLIST_KEY_UILaunchStoryboardName = LaunchScreen;
				INFOPLIST_KEY_UIMainStoryboardFile = Main;
				INFOPLIST_KEY_UISupportedInterfaceOrientations_iPad = "UIInterfaceOrientationPortrait UIInterfaceOrientationPortraitUpsideDown UIInterfaceOrientationLandscapeLeft UIInterfaceOrientationLandscapeRight";
				INFOPLIST_KEY_UISupportedInterfaceOrientations_iPhone = "UIInterfaceOrientationPortrait UIInterfaceOrientationLandscapeLeft UIInterfaceOrientationLandscapeRight";
				IPHONEOS_DEPLOYMENT_TARGET = 15.0;
				LD_RUNPATH_SEARCH_PATHS = (
					"$(inherited)",
					"@executable_path/Frameworks",
				);
				MARKETING_VERSION = 1.0;
				PRODUCT_BUNDLE_IDENTIFIER = com.taihe.ChatSample;
				PRODUCT_NAME = "$(TARGET_NAME)";
				PROVISIONING_PROFILE_SPECIFIER = "";
				"PROVISIONING_PROFILE_SPECIFIER[sdk=iphoneos*]" = "match Development com.taihe.*";
				SWIFT_EMIT_LOC_STRINGS = YES;
				SWIFT_VERSION = 5.0;
				TARGETED_DEVICE_FAMILY = "1,2";
			};
			name = Debug;
		};
		3CC3244C290B7FAA0082A9DD /* Release */ = {
			isa = XCBuildConfiguration;
			buildSettings = {
				ASSETCATALOG_COMPILER_APPICON_NAME = AppIcon;
				ASSETCATALOG_COMPILER_GLOBAL_ACCENT_COLOR_NAME = AccentColor;
				"CODE_SIGN_IDENTITY[sdk=iphoneos*]" = "iPhone Developer";
				CODE_SIGN_STYLE = Manual;
				CURRENT_PROJECT_VERSION = 1;
				DEVELOPMENT_TEAM = "";
				"DEVELOPMENT_TEAM[sdk=iphoneos*]" = 492U995837;
				GENERATE_INFOPLIST_FILE = YES;
				INFOPLIST_FILE = ChatSample/Info.plist;
				INFOPLIST_KEY_UIApplicationSupportsIndirectInputEvents = YES;
				INFOPLIST_KEY_UILaunchStoryboardName = LaunchScreen;
				INFOPLIST_KEY_UIMainStoryboardFile = Main;
				INFOPLIST_KEY_UISupportedInterfaceOrientations_iPad = "UIInterfaceOrientationPortrait UIInterfaceOrientationPortraitUpsideDown UIInterfaceOrientationLandscapeLeft UIInterfaceOrientationLandscapeRight";
				INFOPLIST_KEY_UISupportedInterfaceOrientations_iPhone = "UIInterfaceOrientationPortrait UIInterfaceOrientationLandscapeLeft UIInterfaceOrientationLandscapeRight";
				IPHONEOS_DEPLOYMENT_TARGET = 15.0;
				LD_RUNPATH_SEARCH_PATHS = (
					"$(inherited)",
					"@executable_path/Frameworks",
				);
				MARKETING_VERSION = 1.0;
				PRODUCT_BUNDLE_IDENTIFIER = com.taihe.ChatSample;
				PRODUCT_NAME = "$(TARGET_NAME)";
				PROVISIONING_PROFILE_SPECIFIER = "";
				"PROVISIONING_PROFILE_SPECIFIER[sdk=iphoneos*]" = "match Development com.taihe.*";
				SWIFT_EMIT_LOC_STRINGS = YES;
				SWIFT_VERSION = 5.0;
				TARGETED_DEVICE_FAMILY = "1,2";
			};
			name = Release;
		};
/* End XCBuildConfiguration section */

/* Begin XCConfigurationList section */
		3CC32431290B7FA90082A9DD /* Build configuration list for PBXProject "ChatSample" */ = {
			isa = XCConfigurationList;
			buildConfigurations = (
				3CC32448290B7FAA0082A9DD /* Debug */,
				3CC32449290B7FAA0082A9DD /* Release */,
			);
			defaultConfigurationIsVisible = 0;
			defaultConfigurationName = Release;
		};
		3CC3244A290B7FAA0082A9DD /* Build configuration list for PBXNativeTarget "ChatSample" */ = {
			isa = XCConfigurationList;
			buildConfigurations = (
				3CC3244B290B7FAA0082A9DD /* Debug */,
				3CC3244C290B7FAA0082A9DD /* Release */,
			);
			defaultConfigurationIsVisible = 0;
			defaultConfigurationName = Release;
		};
/* End XCConfigurationList section */
	};
	rootObject = 3CC3242E290B7FA90082A9DD /* Project object */;
}
